{
  "name": "package",
  "version": "1.0.0",
  "lockfileVersion": 1,
  "requires": true,
  "dependencies": {
    "@google/model-viewer": {
      "version": "1.1.0",
      "resolved": "https://registry.npmjs.org/@google/model-viewer/-/model-viewer-1.1.0.tgz",
      "integrity": "sha512-uZkgP87YwYPFxPcpXcLatcNnzvfH54Xh/p+MoXNT0SAZqPJUUCWQtIziNYIwZO0D6R2hxJO2Jvwv0/n2kW0Dfw=="
    },
    "@webcomponents/webcomponentsjs": {
      "version": "2.4.4",
      "resolved": "https://registry.npmjs.org/@webcomponents/webcomponentsjs/-/webcomponentsjs-2.4.4.tgz",
      "integrity": "sha512-UWXZYbaDLLfhm+xONXTiDciyhOSwKRrZieGQHFMSMGSxY4mbjZ5uYzOKgnuX0luYFvjJw32G3r0sCwQZPJIR4Q=="
    },
    "fullscreen-polyfill": {
      "version": "1.0.3",
      "resolved": "https://registry.npmjs.org/fullscreen-polyfill/-/fullscreen-polyfill-1.0.3.tgz",
      "integrity": "sha512-ORmNxoqDJh7KnZRimlUmAeS/7pfYwufLQ/TTIl+qpJ6v21wFKwhRbbndRJd5mjS7uOCDh/5fI6bU4D4/1f0CGQ=="
    },
    "intersection-observer": {
      "version": "0.11.0",
      "resolved": "https://registry.npmjs.org/intersection-observer/-/intersection-observer-0.11.0.tgz",
      "integrity": "sha512-KZArj2QVnmdud9zTpKf279m2bbGfG+4/kn16UU0NL3pTVl52ZHiJ9IRNSsnn6jaHrL9EGLFM5eWjTx2fz/+zoQ=="
    }
  }
}
